// !$*UTF8*$!
{
	archiveVersion = 1;
	classes = {
	};
	objectVersion = 56;
	objects = {

/* Begin PBXBuildFile section */
		EA27834A2CEDFA0500E5EA9A /* MoneyFlowApp.swift in Sources */ = {isa = PBXBuildFile; fileRef = EA2783492CEDFA0500E5EA9A /* MoneyFlowApp.swift */; };
		EA27834C2CEDFA0500E5EA9A /* ContentView.swift in Sources */ = {isa = PBXBuildFile; fileRef = EA27834B2CEDFA0500E5EA9A /* ContentView.swift */; };
		EA27834E2CEDFA0600E5EA9A /* Assets.xcassets in Resources */ = {isa = PBXBuildFile; fileRef = EA27834D2CEDFA0600E5EA9A /* Assets.xcassets */; };
		EA2783512CEDFA0600E5EA9A /* Preview Assets.xcassets in Resources */ = {isa = PBXBuildFile; fileRef = EA2783502CEDFA0600E5EA9A /* Preview Assets.xcassets */; };
		EA2783592CEDFA2900E5EA9A /* MoneyFlow.xcdatamodeld in Sources */ = {isa = PBXBuildFile; fileRef = EA2783572CEDFA2900E5EA9A /* MoneyFlow.xcdatamodeld */; };
		EA27835D2CEDFA9700E5EA9A /* TransactionRow.swift in Sources */ = {isa = PBXBuildFile; fileRef = EA27835C2CEDFA9700E5EA9A /* TransactionRow.swift */; };
		EA2783692CEDFAC000E5EA9A /* AddTransactionView.swift in Sources */ = {isa = PBXBuildFile; fileRef = EA27835E2CEDFAC000E5EA9A /* AddTransactionView.swift */; };
		EA27836A2CEDFAC000E5EA9A /* DashboardView.swift in Sources */ = {isa = PBXBuildFile; fileRef = EA27835F2CEDFAC000E5EA9A /* DashboardView.swift */; };
		EA27836B2CEDFAC000E5EA9A /* SettingsView.swift in Sources */ = {isa = PBXBuildFile; fileRef = EA2783602CEDFAC000E5EA9A /* SettingsView.swift */; };
		EA27836C2CEDFAC000E5EA9A /* MainTabView.swift in Sources */ = {isa = PBXBuildFile; fileRef = EA2783612CEDFAC000E5EA9A /* MainTabView.swift */; };
		EA27836D2CEDFAC000E5EA9A /* AddBudgetView.swift in Sources */ = {isa = PBXBuildFile; fileRef = EA2783622CEDFAC000E5EA9A /* AddBudgetView.swift */; };
		EA27836E2CEDFAC000E5EA9A /* TransactionsView.swift in Sources */ = {isa = PBXBuildFile; fileRef = EA2783632CEDFAC000E5EA9A /* TransactionsView.swift */; };
		EA27836F2CEDFAC000E5EA9A /* AccountsView.swift in Sources */ = {isa = PBXBuildFile; fileRef = EA2783642CEDFAC000E5EA9A /* AccountsView.swift */; };
		EA2783702CEDFAC000E5EA9A /* AddTransferView.swift in Sources */ = {isa = PBXBuildFile; fileRef = EA2783652CEDFAC000E5EA9A /* AddTransferView.swift */; };
		EA2783712CEDFAC000E5EA9A /* OnboardingView.swift in Sources */ = {isa = PBXBuildFile; fileRef = EA2783662CEDFAC000E5EA9A /* OnboardingView.swift */; };
		EA2783722CEDFAC000E5EA9A /* BudgetView.swift in Sources */ = {isa = PBXBuildFile; fileRef = EA2783672CEDFAC000E5EA9A /* BudgetView.swift */; };
		EA2783732CEDFAC000E5EA9A /* AddAccountView.swift in Sources */ = {isa = PBXBuildFile; fileRef = EA2783682CEDFAC000E5EA9A /* AddAccountView.swift */; };
		EA2783752CEDFAF300E5EA9A /* DataController.swift in Sources */ = {isa = PBXBuildFile; fileRef = EA2783742CEDFAF300E5EA9A /* DataController.swift */; };
		EA2783772CEE589300E5EA9A /* EmptyStateView.swift in Sources */ = {isa = PBXBuildFile; fileRef = EA2783762CEE589300E5EA9A /* EmptyStateView.swift */; };
/* End PBXBuildFile section */

/* Begin PBXFileReference section */
		EA2783462CEDFA0500E5EA9A /* MoneyFlow.app */ = {isa = PBXFileReference; explicitFileType = wrapper.application; includeInIndex = 0; path = MoneyFlow.app; sourceTree = BUILT_PRODUCTS_DIR; };
		EA2783492CEDFA0500E5EA9A /* MoneyFlowApp.swift */ = {isa = PBXFileReference; lastKnownFileType = sourcecode.swift; path = MoneyFlowApp.swift; sourceTree = "<group>"; };
		EA27834B2CEDFA0500E5EA9A /* ContentView.swift */ = {isa = PBXFileReference; lastKnownFileType = sourcecode.swift; path = ContentView.swift; sourceTree = "<group>"; };
		EA27834D2CEDFA0600E5EA9A /* Assets.xcassets */ = {isa = PBXFileReference; lastKnownFileType = folder.assetcatalog; path = Assets.xcassets; sourceTree = "<group>"; };
		EA2783502CEDFA0600E5EA9A /* Preview Assets.xcassets */ = {isa = PBXFileReference; lastKnownFileType = folder.assetcatalog; path = "Preview Assets.xcassets"; sourceTree = "<group>"; };
		EA2783582CEDFA2900E5EA9A /* MoneyFlow.xcdatamodel */ = {isa = PBXFileReference; lastKnownFileType = wrapper.xcdatamodel; path = MoneyFlow.xcdatamodel; sourceTree = "<group>"; };
		EA27835C2CEDFA9700E5EA9A /* TransactionRow.swift */ = {isa = PBXFileReference; fileEncoding = 4; lastKnownFileType = sourcecode.swift; path = TransactionRow.swift; sourceTree = "<group>"; };
		EA27835E2CEDFAC000E5EA9A /* AddTransactionView.swift */ = {isa = PBXFileReference; fileEncoding = 4; lastKnownFileType = sourcecode.swift; path = AddTransactionView.swift; sourceTree = "<group>"; };
		EA27835F2CEDFAC000E5EA9A /* DashboardView.swift */ = {isa = PBXFileReference; fileEncoding = 4; lastKnownFileType = sourcecode.swift; path = DashboardView.swift; sourceTree = "<group>"; };
		EA2783602CEDFAC000E5EA9A /* SettingsView.swift */ = {isa = PBXFileReference; fileEncoding = 4; lastKnownFileType = sourcecode.swift; path = SettingsView.swift; sourceTree = "<group>"; };
		EA2783612CEDFAC000E5EA9A /* MainTabView.swift */ = {isa = PBXFileReference; fileEncoding = 4; lastKnownFileType = sourcecode.swift; path = MainTabView.swift; sourceTree = "<group>"; };
		EA2783622CEDFAC000E5EA9A /* AddBudgetView.swift */ = {isa = PBXFileReference; fileEncoding = 4; lastKnownFileType = sourcecode.swift; path = AddBudgetView.swift; sourceTree = "<group>"; };
		EA2783632CEDFAC000E5EA9A /* TransactionsView.swift */ = {isa = PBXFileReference; fileEncoding = 4; lastKnownFileType = sourcecode.swift; path = TransactionsView.swift; sourceTree = "<group>"; };
		EA2783642CEDFAC000E5EA9A /* AccountsView.swift */ = {isa = PBXFileReference; fileEncoding = 4; lastKnownFileType = sourcecode.swift; path = AccountsView.swift; sourceTree = "<group>"; };
		EA2783652CEDFAC000E5EA9A /* AddTransferView.swift */ = {isa = PBXFileReference; fileEncoding = 4; lastKnownFileType = sourcecode.swift; path = AddTransferView.swift; sourceTree = "<group>"; };
		EA2783662CEDFAC000E5EA9A /* OnboardingView.swift */ = {isa = PBXFileReference; fileEncoding = 4; lastKnownFileType = sourcecode.swift; path = OnboardingView.swift; sourceTree = "<group>"; };
		EA2783672CEDFAC000E5EA9A /* BudgetView.swift */ = {isa = PBXFileReference; fileEncoding = 4; lastKnownFileType = sourcecode.swift; path = BudgetView.swift; sourceTree = "<group>"; };
		EA2783682CEDFAC000E5EA9A /* AddAccountView.swift */ = {isa = PBXFileReference; fileEncoding = 4; lastKnownFileType = sourcecode.swift; path = AddAccountView.swift; sourceTree = "<group>"; };
		EA2783742CEDFAF300E5EA9A /* DataController.swift */ = {isa = PBXFileReference; lastKnownFileType = sourcecode.swift; path = DataController.swift; sourceTree = "<group>"; };
		EA2783762CEE589300E5EA9A /* EmptyStateView.swift */ = {isa = PBXFileReference; lastKnownFileType = sourcecode.swift; path = EmptyStateView.swift; sourceTree = "<group>"; };
/* End PBXFileReference section */

/* Begin PBXFrameworksBuildPhase section */
		EA2783432CEDFA0500E5EA9A /* Frameworks */ = {
			isa = PBXFrameworksBuildPhase;
			buildActionMask = 2147483647;
			files = (
			);
			runOnlyForDeploymentPostprocessing = 0;
		};
/* End PBXFrameworksBuildPhase section */

/* Begin PBXGroup section */
		EA27833D2CEDFA0500E5EA9A = {
			isa = PBXGroup;
			children = (
				EA2783482CEDFA0500E5EA9A /* MoneyFlow */,
				EA2783472CEDFA0500E5EA9A /* Products */,
			);
			sourceTree = "<group>";
		};
		EA2783472CEDFA0500E5EA9A /* Products */ = {
			isa = PBXGroup;
			children = (
				EA2783462CEDFA0500E5EA9A /* MoneyFlow.app */,
			);
			name = Products;
			sourceTree = "<group>";
		};
		EA2783482CEDFA0500E5EA9A /* MoneyFlow */ = {
			isa = PBXGroup;
			children = (
				EA2783782CEE58C200E5EA9A /* Components */,
				EA27835B2CEDFA4D00E5EA9A /* Models */,
				EA27835A2CEDFA3F00E5EA9A /* Views */,
				EA2783572CEDFA2900E5EA9A /* MoneyFlow.xcdatamodeld */,
				EA2783492CEDFA0500E5EA9A /* MoneyFlowApp.swift */,
				EA27834B2CEDFA0500E5EA9A /* ContentView.swift */,
				EA27834D2CEDFA0600E5EA9A /* Assets.xcassets */,
				EA27834F2CEDFA0600E5EA9A /* Preview Content */,
			);
			path = MoneyFlow;
			sourceTree = "<group>";
		};
		EA27834F2CEDFA0600E5EA9A /* Preview Content */ = {
			isa = PBXGroup;
			children = (
				EA2783502CEDFA0600E5EA9A /* Preview Assets.xcassets */,
			);
			path = "Preview Content";
			sourceTree = "<group>";
		};
		EA27835A2CEDFA3F00E5EA9A /* Views */ = {
			isa = PBXGroup;
			children = (
				EA2783642CEDFAC000E5EA9A /* AccountsView.swift */,
				EA2783682CEDFAC000E5EA9A /* AddAccountView.swift */,
				EA2783622CEDFAC000E5EA9A /* AddBudgetView.swift */,
				EA27835E2CEDFAC000E5EA9A /* AddTransactionView.swift */,
				EA2783652CEDFAC000E5EA9A /* AddTransferView.swift */,
				EA2783672CEDFAC000E5EA9A /* BudgetView.swift */,
				EA27835F2CEDFAC000E5EA9A /* DashboardView.swift */,
				EA2783612CEDFAC000E5EA9A /* MainTabView.swift */,
				EA2783662CEDFAC000E5EA9A /* OnboardingView.swift */,
				EA2783602CEDFAC000E5EA9A /* SettingsView.swift */,
				EA2783632CEDFAC000E5EA9A /* TransactionsView.swift */,
				EA27835C2CEDFA9700E5EA9A /* TransactionRow.swift */,
			);
			path = Views;
			sourceTree = "<group>";
		};
		EA27835B2CEDFA4D00E5EA9A /* Models */ = {
			isa = PBXGroup;
			children = (
				EA2783742CEDFAF300E5EA9A /* DataController.swift */,
			);
			path = Models;
			sourceTree = "<group>";
		};
		EA2783782CEE58C200E5EA9A /* Components */ = {
			isa = PBXGroup;
			children = (
				EA2783762CEE589300E5EA9A /* EmptyStateView.swift */,
			);
			path = Components;
			sourceTree = "<group>";
		};
/* End PBXGroup section */

/* Begin PBXNativeTarget section */
		EA2783452CEDFA0500E5EA9A /* MoneyFlow */ = {
			isa = PBXNativeTarget;
			buildConfigurationList = EA2783542CEDFA0600E5EA9A /* Build configuration list for PBXNativeTarget "MoneyFlow" */;
			buildPhases = (
				EA2783422CEDFA0500E5EA9A /* Sources */,
				EA2783432CEDFA0500E5EA9A /* Frameworks */,
				EA2783442CEDFA0500E5EA9A /* Resources */,
			);
			buildRules = (
			);
			dependencies = (
			);
			name = MoneyFlow;
			productName = MoneyFlow;
			productReference = EA2783462CEDFA0500E5EA9A /* MoneyFlow.app */;
			productType = "com.apple.product-type.application";
		};
/* End PBXNativeTarget section */

/* Begin PBXProject section */
		EA27833E2CEDFA0500E5EA9A /* Project object */ = {
			isa = PBXProject;
			attributes = {
				BuildIndependentTargetsInParallel = 1;
				LastSwiftUpdateCheck = 1520;
				LastUpgradeCheck = 1520;
				TargetAttributes = {
					EA2783452CEDFA0500E5EA9A = {
						CreatedOnToolsVersion = 15.2;
					};
				};
			};
			buildConfigurationList = EA2783412CEDFA0500E5EA9A /* Build configuration list for PBXProject "MoneyFlow" */;
			compatibilityVersion = "Xcode 14.0";
			developmentRegion = en;
			hasScannedForEncodings = 0;
			knownRegions = (
				en,
				Base,
			);
			mainGroup = EA27833D2CEDFA0500E5EA9A;
			productRefGroup = EA2783472CEDFA0500E5EA9A /* Products */;
			projectDirPath = "";
			projectRoot = "";
			targets = (
				EA2783452CEDFA0500E5EA9A /* MoneyFlow */,
			);
		};
/* End PBXProject section */

/* Begin PBXResourcesBuildPhase section */
		EA2783442CEDFA0500E5EA9A /* Resources */ = {
			isa = PBXResourcesBuildPhase;
			buildActionMask = 2147483647;
			files = (
				EA2783512CEDFA0600E5EA9A /* Preview Assets.xcassets in Resources */,
				EA27834E2CEDFA0600E5EA9A /* Assets.xcassets in Resources */,
			);
			runOnlyForDeploymentPostprocessing = 0;
		};
/* End PBXResourcesBuildPhase section */

/* Begin PBXSourcesBuildPhase section */
		EA2783422CEDFA0500E5EA9A /* Sources */ = {
			isa = PBXSourcesBuildPhase;
			buildActionMask = 2147483647;
			files = (
				EA27836B2CEDFAC000E5EA9A /* SettingsView.swift in Sources */,
				EA27834C2CEDFA0500E5EA9A /* ContentView.swift in Sources */,
				EA2783732CEDFAC000E5EA9A /* AddAccountView.swift in Sources */,
				EA27836D2CEDFAC000E5EA9A /* AddBudgetView.swift in Sources */,
				EA27836A2CEDFAC000E5EA9A /* DashboardView.swift in Sources */,
				EA2783772CEE589300E5EA9A /* EmptyStateView.swift in Sources */,
				EA27836C2CEDFAC000E5EA9A /* MainTabView.swift in Sources */,
				EA27836E2CEDFAC000E5EA9A /* TransactionsView.swift in Sources */,
				EA27835D2CEDFA9700E5EA9A /* TransactionRow.swift in Sources */,
				EA27836F2CEDFAC000E5EA9A /* AccountsView.swift in Sources */,
				EA27834A2CEDFA0500E5EA9A /* MoneyFlowApp.swift in Sources */,
				EA2783702CEDFAC000E5EA9A /* AddTransferView.swift in Sources */,
				EA2783592CEDFA2900E5EA9A /* MoneyFlow.xcdatamodeld in Sources */,
				EA2783722CEDFAC000E5EA9A /* BudgetView.swift in Sources */,
				EA2783752CEDFAF300E5EA9A /* DataController.swift in Sources */,
				EA2783712CEDFAC000E5EA9A /* OnboardingView.swift in Sources */,
				EA2783692CEDFAC000E5EA9A /* AddTransactionView.swift in Sources */,
			);
			runOnlyForDeploymentPostprocessing = 0;
		};
/* End PBXSourcesBuildPhase section */

/* Begin XCBuildConfiguration section */
		EA2783522CEDFA0600E5EA9A /* Debug */ = {
			isa = XCBuildConfiguration;
			buildSettings = {
				ALWAYS_SEARCH_USER_PATHS = NO;
				ASSETCATALOG_COMPILER_GENERATE_SWIFT_ASSET_SYMBOL_EXTENSIONS = YES;
				CLANG_ANALYZER_NONNULL = YES;
				CLANG_ANALYZER_NUMBER_OBJECT_CONVERSION = YES_AGGRESSIVE;
				CLANG_CXX_LANGUAGE_STANDARD = "gnu++20";
				CLANG_ENABLE_MODULES = YES;
				CLANG_ENABLE_OBJC_ARC = YES;
				CLANG_ENABLE_OBJC_WEAK = YES;
				CLANG_WARN_BLOCK_CAPTURE_AUTORELEASING = YES;
				CLANG_WARN_BOOL_CONVERSION = YES;
				CLANG_WARN_COMMA = YES;
				CLANG_WARN_CONSTANT_CONVERSION = YES;
				CLANG_WARN_DEPRECATED_OBJC_IMPLEMENTATIONS = YES;
				CLANG_WARN_DIRECT_OBJC_ISA_USAGE = YES_ERROR;
				CLANG_WARN_DOCUMENTATION_COMMENTS = YES;
				CLANG_WARN_EMPTY_BODY = YES;
				CLANG_WARN_ENUM_CONVERSION = YES;
				CLANG_WARN_INFINITE_RECURSION = YES;
				CLANG_WARN_INT_CONVERSION = YES;
				CLANG_WARN_NON_LITERAL_NULL_CONVERSION = YES;
				CLANG_WARN_OBJC_IMPLICIT_RETAIN_SELF = YES;
				CLANG_WARN_OBJC_LITERAL_CONVERSION = YES;
				CLANG_WARN_OBJC_ROOT_CLASS = YES_ERROR;
				CLANG_WARN_QUOTED_INCLUDE_IN_FRAMEWORK_HEADER = YES;
				CLANG_WARN_RANGE_LOOP_ANALYSIS = YES;
				CLANG_WARN_STRICT_PROTOTYPES = YES;
				CLANG_WARN_SUSPICIOUS_MOVE = YES;
				CLANG_WARN_UNGUARDED_AVAILABILITY = YES_AGGRESSIVE;
				CLANG_WARN_UNREACHABLE_CODE = YES;
				CLANG_WARN__DUPLICATE_METHOD_MATCH = YES;
				COPY_PHASE_STRIP = NO;
				DEBUG_INFORMATION_FORMAT = dwarf;
				ENABLE_STRICT_OBJC_MSGSEND = YES;
				ENABLE_TESTABILITY = YES;
				ENABLE_USER_SCRIPT_SANDBOXING = YES;
				GCC_C_LANGUAGE_STANDARD = gnu17;
				GCC_DYNAMIC_NO_PIC = NO;
				GCC_NO_COMMON_BLOCKS = YES;
				GCC_OPTIMIZATION_LEVEL = 0;
				GCC_PREPROCESSOR_DEFINITIONS = (
					"DEBUG=1",
					"$(inherited)",
				);
				GCC_WARN_64_TO_32_BIT_CONVERSION = YES;
				GCC_WARN_ABOUT_RETURN_TYPE = YES_ERROR;
				GCC_WARN_UNDECLARED_SELECTOR = YES;
				GCC_WARN_UNINITIALIZED_AUTOS = YES_AGGRESSIVE;
				GCC_WARN_UNUSED_FUNCTION = YES;
				GCC_WARN_UNUSED_VARIABLE = YES;
				IPHONEOS_DEPLOYMENT_TARGET = 17.2;
				LOCALIZATION_PREFERS_STRING_CATALOGS = YES;
				MTL_ENABLE_DEBUG_INFO = INCLUDE_SOURCE;
				MTL_FAST_MATH = YES;
				ONLY_ACTIVE_ARCH = YES;
				SDKROOT = iphoneos;
				SWIFT_ACTIVE_COMPILATION_CONDITIONS = "DEBUG $(inherited)";
				SWIFT_OPTIMIZATION_LEVEL = "-Onone";
			};
			name = Debug;
		};
		EA2783532CEDFA0600E5EA9A /* Release */ = {
			isa = XCBuildConfiguration;
			buildSettings = {
				ALWAYS_SEARCH_USER_PATHS = NO;
				ASSETCATALOG_COMPILER_GENERATE_SWIFT_ASSET_SYMBOL_EXTENSIONS = YES;
				CLANG_ANALYZER_NONNULL = YES;
				CLANG_ANALYZER_NUMBER_OBJECT_CONVERSION = YES_AGGRESSIVE;
				CLANG_CXX_LANGUAGE_STANDARD = "gnu++20";
				CLANG_ENABLE_MODULES = YES;
				CLANG_ENABLE_OBJC_ARC = YES;
				CLANG_ENABLE_OBJC_WEAK = YES;
				CLANG_WARN_BLOCK_CAPTURE_AUTORELEASING = YES;
				CLANG_WARN_BOOL_CONVERSION = YES;
				CLANG_WARN_COMMA = YES;
				CLANG_WARN_CONSTANT_CONVERSION = YES;
				CLANG_WARN_DEPRECATED_OBJC_IMPLEMENTATIONS = YES;
				CLANG_WARN_DIRECT_OBJC_ISA_USAGE = YES_ERROR;
				CLANG_WARN_DOCUMENTATION_COMMENTS = YES;
				CLANG_WARN_EMPTY_BODY = YES;
				CLANG_WARN_ENUM_CONVERSION = YES;
				CLANG_WARN_INFINITE_RECURSION = YES;
				CLANG_WARN_INT_CONVERSION = YES;
				CLANG_WARN_NON_LITERAL_NULL_CONVERSION = YES;
				CLANG_WARN_OBJC_IMPLICIT_RETAIN_SELF = YES;
				CLANG_WARN_OBJC_LITERAL_CONVERSION = YES;
				CLANG_WARN_OBJC_ROOT_CLASS = YES_ERROR;
				CLANG_WARN_QUOTED_INCLUDE_IN_FRAMEWORK_HEADER = YES;
				CLANG_WARN_RANGE_LOOP_ANALYSIS = YES;
				CLANG_WARN_STRICT_PROTOTYPES = YES;
				CLANG_WARN_SUSPICIOUS_MOVE = YES;
				CLANG_WARN_UNGUARDED_AVAILABILITY = YES_AGGRESSIVE;
				CLANG_WARN_UNREACHABLE_CODE = YES;
				CLANG_WARN__DUPLICATE_METHOD_MATCH = YES;
				COPY_PHASE_STRIP = NO;
				DEBUG_INFORMATION_FORMAT = "dwarf-with-dsym";
				ENABLE_NS_ASSERTIONS = NO;
				ENABLE_STRICT_OBJC_MSGSEND = YES;
				ENABLE_USER_SCRIPT_SANDBOXING = YES;
				GCC_C_LANGUAGE_STANDARD = gnu17;
				GCC_NO_COMMON_BLOCKS = YES;
				GCC_WARN_64_TO_32_BIT_CONVERSION = YES;
				GCC_WARN_ABOUT_RETURN_TYPE = YES_ERROR;
				GCC_WARN_UNDECLARED_SELECTOR = YES;
				GCC_WARN_UNINITIALIZED_AUTOS = YES_AGGRESSIVE;
				GCC_WARN_UNUSED_FUNCTION = YES;
				GCC_WARN_UNUSED_VARIABLE = YES;
				IPHONEOS_DEPLOYMENT_TARGET = 17.2;
				LOCALIZATION_PREFERS_STRING_CATALOGS = YES;
				MTL_ENABLE_DEBUG_INFO = NO;
				MTL_FAST_MATH = YES;
				SDKROOT = iphoneos;
				SWIFT_COMPILATION_MODE = wholemodule;
				VALIDATE_PRODUCT = YES;
			};
			name = Release;
		};
		EA2783552CEDFA0600E5EA9A /* Debug */ = {
			isa = XCBuildConfiguration;
			buildSettings = {
				ASSETCATALOG_COMPILER_APPICON_NAME = AppIcon;
				ASSETCATALOG_COMPILER_GLOBAL_ACCENT_COLOR_NAME = AccentColor;
				CODE_SIGN_STYLE = Automatic;
				CURRENT_PROJECT_VERSION = 1;
				DEVELOPMENT_ASSET_PATHS = "\"MoneyFlow/Preview Content\"";
				ENABLE_PREVIEWS = YES;
				GENERATE_INFOPLIST_FILE = YES;
				INFOPLIST_KEY_UIApplicationSceneManifest_Generation = YES;
				INFOPLIST_KEY_UIApplicationSupportsIndirectInputEvents = YES;
				INFOPLIST_KEY_UILaunchScreen_Generation = YES;
				INFOPLIST_KEY_UISupportedInterfaceOrientations_iPad = "UIInterfaceOrientationPortrait UIInterfaceOrientationPortraitUpsideDown UIInterfaceOrientationLandscapeLeft UIInterfaceOrientationLandscapeRight";
				INFOPLIST_KEY_UISupportedInterfaceOrientations_iPhone = "UIInterfaceOrientationPortrait UIInterfaceOrientationLandscapeLeft UIInterfaceOrientationLandscapeRight";
				LD_RUNPATH_SEARCH_PATHS = (
					"$(inherited)",
					"@executable_path/Frameworks",
				);
				MARKETING_VERSION = 1.0;
				PRODUCT_BUNDLE_IDENTIFIER = sadat.MoneyFlow;
				PRODUCT_NAME = "$(TARGET_NAME)";
				SWIFT_EMIT_LOC_STRINGS = YES;
				SWIFT_VERSION = 5.0;
				TARGETED_DEVICE_FAMILY = "1,2";
			};
			name = Debug;
		};
		EA2783562CEDFA0600E5EA9A /* Release */ = {
			isa = XCBuildConfiguration;
			buildSettings = {
				ASSETCATALOG_COMPILER_APPICON_NAME = AppIcon;
				ASSETCATALOG_COMPILER_GLOBAL_ACCENT_COLOR_NAME = AccentColor;
				CODE_SIGN_STYLE = Automatic;
				CURRENT_PROJECT_VERSION = 1;
				DEVELOPMENT_ASSET_PATHS = "\"MoneyFlow/Preview Content\"";
				ENABLE_PREVIEWS = YES;
				GENERATE_INFOPLIST_FILE = YES;
				INFOPLIST_KEY_UIApplicationSceneManifest_Generation = YES;
				INFOPLIST_KEY_UIApplicationSupportsIndirectInputEvents = YES;
				INFOPLIST_KEY_UILaunchScreen_Generation = YES;
				INFOPLIST_KEY_UISupportedInterfaceOrientations_iPad = "UIInterfaceOrientationPortrait UIInterfaceOrientationPortraitUpsideDown UIInterfaceOrientationLandscapeLeft UIInterfaceOrientationLandscapeRight";
				INFOPLIST_KEY_UISupportedInterfaceOrientations_iPhone = "UIInterfaceOrientationPortrait UIInterfaceOrientationLandscapeLeft UIInterfaceOrientationLandscapeRight";
				LD_RUNPATH_SEARCH_PATHS = (
					"$(inherited)",
					"@executable_path/Frameworks",
				);
				MARKETING_VERSION = 1.0;
				PRODUCT_BUNDLE_IDENTIFIER = sadat.MoneyFlow;
				PRODUCT_NAME = "$(TARGET_NAME)";
				SWIFT_EMIT_LOC_STRINGS = YES;
				SWIFT_VERSION = 5.0;
				TARGETED_DEVICE_FAMILY = "1,2";
			};
			name = Release;
		};
/* End XCBuildConfiguration section */

/* Begin XCConfigurationList section */
		EA2783412CEDFA0500E5EA9A /* Build configuration list for PBXProject "MoneyFlow" */ = {
			isa = XCConfigurationList;
			buildConfigurations = (
				EA2783522CEDFA0600E5EA9A /* Debug */,
				EA2783532CEDFA0600E5EA9A /* Release */,
			);
			defaultConfigurationIsVisible = 0;
			defaultConfigurationName = Release;
		};
		EA2783542CEDFA0600E5EA9A /* Build configuration list for PBXNativeTarget "MoneyFlow" */ = {
			isa = XCConfigurationList;
			buildConfigurations = (
				EA2783552CEDFA0600E5EA9A /* Debug */,
				EA2783562CEDFA0600E5EA9A /* Release */,
			);
			defaultConfigurationIsVisible = 0;
			defaultConfigurationName = Release;
		};
/* End XCConfigurationList section */

/* Begin XCVersionGroup section */
		EA2783572CEDFA2900E5EA9A /* MoneyFlow.xcdatamodeld */ = {
			isa = XCVersionGroup;
			children = (
				EA2783582CEDFA2900E5EA9A /* MoneyFlow.xcdatamodel */,
			);
			currentVersion = EA2783582CEDFA2900E5EA9A /* MoneyFlow.xcdatamodel */;
			path = MoneyFlow.xcdatamodeld;
			sourceTree = "<group>";
			versionGroupType = wrapper.xcdatamodel;
		};
/* End XCVersionGroup section */
	};
	rootObject = EA27833E2CEDFA0500E5EA9A /* Project object */;
}
